
Microsoft Visual Studio Solution File, Format Version 12.00
# Visual Studio Version 17
VisualStudioVersion = 17.4.33103.184
MinimumVisualStudioVersion = 10.0.40219.1
Project("{FAE04EC0-301F-11D3-BF4B-00C04F79EFBC}") = "task1", "task1\task1.csproj", "{2AE6B005-44EC-4B80-ADC3-A47494E54031}"
EndProject
Global
	GlobalSection(SolutionConfigurationPlatforms) = preSolution
		Debug|Any CPU = Debug|Any CPU
		Release|Any CPU = Release|Any CPU
	EndGlobalSection
	GlobalSection(ProjectConfigurationPlatforms) = postSolution
		{2AE6B005-44EC-4B80-ADC3-A47494E54031}.Debug|Any CPU.ActiveCfg = Debug|Any CPU
		{2AE6B005-44EC-4B80-ADC3-A47494E54031}.Debug|Any CPU.Build.0 = Debug|Any CPU
		{2AE6B005-44EC-4B80-ADC3-A47494E54031}.Release|Any CPU.ActiveCfg = Release|Any CPU
		{2AE6B005-44EC-4B80-ADC3-A47494E54031}.Release|Any CPU.Build.0 = Release|Any CPU
	EndGlobalSection
	GlobalSection(SolutionProperties) = preSolution
		HideSolutionNode = FALSE
	EndGlobalSection
	GlobalSection(ExtensibilityGlobals) = postSolution
		SolutionGuid = {654354E4-FFC3-4855-81E8-0BECEFBE79DC}
	EndGlobalSection
EndGlobal
